
Microsoft Visual Studio Solution File, Format Version 12.00
# Visual Studio Version 16
VisualStudioVersion = 16.0.28803.156
MinimumVisualStudioVersion = 10.0.40219.1
Project("{FAE04EC0-301F-11D3-BF4B-00C04F79EFBC}") = "3Parcial", "3Parcial\3Parcial.csproj", "{CF8A2BCD-D04A-4859-BE8F-2998D2B11FE9}"
EndProject
Global
	GlobalSection(SolutionConfigurationPlatforms) = preSolution
		Debug|Any CPU = Debug|Any CPU
		Release|Any CPU = Release|Any CPU
	EndGlobalSection
	GlobalSection(ProjectConfigurationPlatforms) = postSolution
		{CF8A2BCD-D04A-4859-BE8F-2998D2B11FE9}.Debug|Any CPU.ActiveCfg = Debug|Any CPU
		{CF8A2BCD-D04A-4859-BE8F-2998D2B11FE9}.Debug|Any CPU.Build.0 = Debug|Any CPU
		{CF8A2BCD-D04A-4859-BE8F-2998D2B11FE9}.Release|Any CPU.ActiveCfg = Release|Any CPU
		{CF8A2BCD-D04A-4859-BE8F-2998D2B11FE9}.Release|Any CPU.Build.0 = Release|Any CPU
	EndGlobalSection
	GlobalSection(SolutionProperties) = preSolution
		HideSolutionNode = FALSE
	EndGlobalSection
	GlobalSection(ExtensibilityGlobals) = postSolution
		SolutionGuid = {60CFD306-D51E-4E5C-B017-66F74E2412B3}
	EndGlobalSection
EndGlobal
